
Microsoft Visual Studio Solution File, Format Version 12.00
# Visual Studio Version 17
VisualStudioVersion = 17.13.35818.85 d17.13
MinimumVisualStudioVersion = 10.0.40219.1
Project("{2150E333-8FDC-42A3-9474-1A3956D46DE8}") = "OrderMicroservice", "OrderMicroservice", "{02EA681E-C7D8-13C7-8484-4AC65E1B71E8}"
EndProject
Project("{2150E333-8FDC-42A3-9474-1A3956D46DE8}") = "ProductMicroservice", "ProductMicroservice", "{0364AFE7-B1E6-4105-9ED5-3A123F028123}"
EndProject
Project("{2150E333-8FDC-42A3-9474-1A3956D46DE8}") = "ShippingMicroservice", "ShippingMicroservice", "{41334046-816E-4539-8CEE-903FEBDB6754}"
EndProject
Project("{2150E333-8FDC-42A3-9474-1A3956D46DE8}") = "ReviewsMicroservice", "ReviewsMicroservice", "{21AF4B7F-FCF1-408B-A876-E6A6CDD9B9FF}"
EndProject
Project("{2150E333-8FDC-42A3-9474-1A3956D46DE8}") = "PromotionsMicroservice", "PromotionsMicroservice", "{0A62D948-99DD-4D22-9029-F09D93C02478}"
EndProject
Project("{FAE04EC0-301F-11D3-BF4B-00C04F79EFBC}") = "OrderAPI", "OrderAPI\OrderAPI.csproj", "{6FAF51A7-01D2-4946-9991-58A7FD3E225C}"
EndProject
Project("{FAE04EC0-301F-11D3-BF4B-00C04F79EFBC}") = "OrderAPI.ApplicationCore", "OrderAPI.ApplicationCore\OrderAPI.ApplicationCore.csproj", "{9FEF1E98-F5E6-4F70-9628-53EDC29E74F9}"
EndProject
Project("{FAE04EC0-301F-11D3-BF4B-00C04F79EFBC}") = "OrderAPI.Infrastructure", "OrderAPI.Infrastructure\OrderAPI.Infrastructure.csproj", "{1428B8BE-400B-4EEA-A571-2AB3054E879C}"
EndProject
Project("{FAE04EC0-301F-11D3-BF4B-00C04F79EFBC}") = "ProductAPI", "ProductAPI\ProductAPI.csproj", "{AFCBFE19-ACAF-45AA-ABA2-4D35D4E2C959}"
EndProject
Project("{FAE04EC0-301F-11D3-BF4B-00C04F79EFBC}") = "ProductAPI.ApplicationCore", "ProductAPI.ApplicationCore\ProductAPI.ApplicationCore.csproj", "{6C16819F-5C73-4B92-A069-704D6026628E}"
EndProject
Project("{FAE04EC0-301F-11D3-BF4B-00C04F79EFBC}") = "ProductAPI.Infrastructure", "ProductAPI.Infrastructure\ProductAPI.Infrastructure.csproj", "{38029185-1BF4-47E2-B1B7-C5144F1276F8}"
EndProject
Project("{FAE04EC0-301F-11D3-BF4B-00C04F79EFBC}") = "PromotionsAPI", "PromotionsAPI\PromotionsAPI.csproj", "{253F548F-8E20-4F36-9A70-5D42D92B1412}"
EndProject
Project("{FAE04EC0-301F-11D3-BF4B-00C04F79EFBC}") = "PromotionsAPI.Infrastructure", "PromotionsAPI.Infrastructure\PromotionsAPI.Infrastructure.csproj", "{EDC8F2CC-A2B6-4370-B288-F4874FBCD61A}"
EndProject
Project("{FAE04EC0-301F-11D3-BF4B-00C04F79EFBC}") = "PromotionsAPI.ApplicationCore", "PromotionsAPI.ApplicationCore\PromotionsAPI.ApplicationCore.csproj", "{F5EDB14A-E89C-4252-8CF4-B76DEE94D0F5}"
EndProject
Project("{FAE04EC0-301F-11D3-BF4B-00C04F79EFBC}") = "ReviewsAPI", "ReviewsAPI\ReviewsAPI.csproj", "{EF878316-5798-4D51-BEB2-79299B0EF20B}"
EndProject
Project("{FAE04EC0-301F-11D3-BF4B-00C04F79EFBC}") = "ReviewsAPI.Infrastructure", "ReviewsAPI.Infrastructure\ReviewsAPI.Infrastructure.csproj", "{A3DDE4DD-F36E-4417-933A-B41A65F05803}"
EndProject
Project("{FAE04EC0-301F-11D3-BF4B-00C04F79EFBC}") = "ReviewsAPI.ApplicationCore", "ReviewsAPI.ApplicationCore\ReviewsAPI.ApplicationCore.csproj", "{B33B557E-9160-4CC4-A81B-B7227FB98E6E}"
EndProject
Project("{FAE04EC0-301F-11D3-BF4B-00C04F79EFBC}") = "ShippingAPI", "ShippingAPI\ShippingAPI.csproj", "{90145DED-DF83-407A-A216-34188EADF6A2}"
EndProject
Project("{FAE04EC0-301F-11D3-BF4B-00C04F79EFBC}") = "ShippingAPI.Infrastructure", "ShippingAPI.Infrastructure\ShippingAPI.Infrastructure.csproj", "{AE110A10-2AE4-4FFD-9B88-1E59D2930E61}"
EndProject
Project("{FAE04EC0-301F-11D3-BF4B-00C04F79EFBC}") = "ShippingAPI.ApplicationCore", "ShippingAPI.ApplicationCore\ShippingAPI.ApplicationCore.csproj", "{FAF254AC-C287-4907-B1F8-5AA8BB23A002}"
EndProject
Project("{E53339B2-1760-4266-BCC7-CA923CBCF16C}") = "docker-compose", "docker-compose.dcproj", "{81DDED9D-158B-E303-5F62-77A2896D2A5A}"
EndProject
Global
	GlobalSection(SolutionConfigurationPlatforms) = preSolution
		Debug|Any CPU = Debug|Any CPU
		Release|Any CPU = Release|Any CPU
	EndGlobalSection
	GlobalSection(ProjectConfigurationPlatforms) = postSolution
		{6FAF51A7-01D2-4946-9991-58A7FD3E225C}.Debug|Any CPU.ActiveCfg = Debug|Any CPU
		{6FAF51A7-01D2-4946-9991-58A7FD3E225C}.Debug|Any CPU.Build.0 = Debug|Any CPU
		{6FAF51A7-01D2-4946-9991-58A7FD3E225C}.Release|Any CPU.ActiveCfg = Release|Any CPU
		{6FAF51A7-01D2-4946-9991-58A7FD3E225C}.Release|Any CPU.Build.0 = Release|Any CPU
		{9FEF1E98-F5E6-4F70-9628-53EDC29E74F9}.Debug|Any CPU.ActiveCfg = Debug|Any CPU
		{9FEF1E98-F5E6-4F70-9628-53EDC29E74F9}.Debug|Any CPU.Build.0 = Debug|Any CPU
		{9FEF1E98-F5E6-4F70-9628-53EDC29E74F9}.Release|Any CPU.ActiveCfg = Release|Any CPU
		{9FEF1E98-F5E6-4F70-9628-53EDC29E74F9}.Release|Any CPU.Build.0 = Release|Any CPU
		{1428B8BE-400B-4EEA-A571-2AB3054E879C}.Debug|Any CPU.ActiveCfg = Debug|Any CPU
		{1428B8BE-400B-4EEA-A571-2AB3054E879C}.Debug|Any CPU.Build.0 = Debug|Any CPU
		{1428B8BE-400B-4EEA-A571-2AB3054E879C}.Release|Any CPU.ActiveCfg = Release|Any CPU
		{1428B8BE-400B-4EEA-A571-2AB3054E879C}.Release|Any CPU.Build.0 = Release|Any CPU
		{AFCBFE19-ACAF-45AA-ABA2-4D35D4E2C959}.Debug|Any CPU.ActiveCfg = Debug|Any CPU
		{AFCBFE19-ACAF-45AA-ABA2-4D35D4E2C959}.Debug|Any CPU.Build.0 = Debug|Any CPU
		{AFCBFE19-ACAF-45AA-ABA2-4D35D4E2C959}.Release|Any CPU.ActiveCfg = Release|Any CPU
		{AFCBFE19-ACAF-45AA-ABA2-4D35D4E2C959}.Release|Any CPU.Build.0 = Release|Any CPU
		{6C16819F-5C73-4B92-A069-704D6026628E}.Debug|Any CPU.ActiveCfg = Debug|Any CPU
		{6C16819F-5C73-4B92-A069-704D6026628E}.Debug|Any CPU.Build.0 = Debug|Any CPU
		{6C16819F-5C73-4B92-A069-704D6026628E}.Release|Any CPU.ActiveCfg = Release|Any CPU
		{6C16819F-5C73-4B92-A069-704D6026628E}.Release|Any CPU.Build.0 = Release|Any CPU
		{38029185-1BF4-47E2-B1B7-C5144F1276F8}.Debug|Any CPU.ActiveCfg = Debug|Any CPU
		{38029185-1BF4-47E2-B1B7-C5144F1276F8}.Debug|Any CPU.Build.0 = Debug|Any CPU
		{38029185-1BF4-47E2-B1B7-C5144F1276F8}.Release|Any CPU.ActiveCfg = Release|Any CPU
		{38029185-1BF4-47E2-B1B7-C5144F1276F8}.Release|Any CPU.Build.0 = Release|Any CPU
		{253F548F-8E20-4F36-9A70-5D42D92B1412}.Debug|Any CPU.ActiveCfg = Debug|Any CPU
		{253F548F-8E20-4F36-9A70-5D42D92B1412}.Debug|Any CPU.Build.0 = Debug|Any CPU
		{253F548F-8E20-4F36-9A70-5D42D92B1412}.Release|Any CPU.ActiveCfg = Release|Any CPU
		{253F548F-8E20-4F36-9A70-5D42D92B1412}.Release|Any CPU.Build.0 = Release|Any CPU
		{EDC8F2CC-A2B6-4370-B288-F4874FBCD61A}.Debug|Any CPU.ActiveCfg = Debug|Any CPU
		{EDC8F2CC-A2B6-4370-B288-F4874FBCD61A}.Debug|Any CPU.Build.0 = Debug|Any CPU
		{EDC8F2CC-A2B6-4370-B288-F4874FBCD61A}.Release|Any CPU.ActiveCfg = Release|Any CPU
		{EDC8F2CC-A2B6-4370-B288-F4874FBCD61A}.Release|Any CPU.Build.0 = Release|Any CPU
		{F5EDB14A-E89C-4252-8CF4-B76DEE94D0F5}.Debug|Any CPU.ActiveCfg = Debug|Any CPU
		{F5EDB14A-E89C-4252-8CF4-B76DEE94D0F5}.Debug|Any CPU.Build.0 = Debug|Any CPU
		{F5EDB14A-E89C-4252-8CF4-B76DEE94D0F5}.Release|Any CPU.ActiveCfg = Release|Any CPU
		{F5EDB14A-E89C-4252-8CF4-B76DEE94D0F5}.Release|Any CPU.Build.0 = Release|Any CPU
		{EF878316-5798-4D51-BEB2-79299B0EF20B}.Debug|Any CPU.ActiveCfg = Debug|Any CPU
		{EF878316-5798-4D51-BEB2-79299B0EF20B}.Debug|Any CPU.Build.0 = Debug|Any CPU
		{EF878316-5798-4D51-BEB2-79299B0EF20B}.Release|Any CPU.ActiveCfg = Release|Any CPU
		{EF878316-5798-4D51-BEB2-79299B0EF20B}.Release|Any CPU.Build.0 = Release|Any CPU
		{A3DDE4DD-F36E-4417-933A-B41A65F05803}.Debug|Any CPU.ActiveCfg = Debug|Any CPU
		{A3DDE4DD-F36E-4417-933A-B41A65F05803}.Debug|Any CPU.Build.0 = Debug|Any CPU
		{A3DDE4DD-F36E-4417-933A-B41A65F05803}.Release|Any CPU.ActiveCfg = Release|Any CPU
		{A3DDE4DD-F36E-4417-933A-B41A65F05803}.Release|Any CPU.Build.0 = Release|Any CPU
		{B33B557E-9160-4CC4-A81B-B7227FB98E6E}.Debug|Any CPU.ActiveCfg = Debug|Any CPU
		{B33B557E-9160-4CC4-A81B-B7227FB98E6E}.Debug|Any CPU.Build.0 = Debug|Any CPU
		{B33B557E-9160-4CC4-A81B-B7227FB98E6E}.Release|Any CPU.ActiveCfg = Release|Any CPU
		{B33B557E-9160-4CC4-A81B-B7227FB98E6E}.Release|Any CPU.Build.0 = Release|Any CPU
		{90145DED-DF83-407A-A216-34188EADF6A2}.Debug|Any CPU.ActiveCfg = Debug|Any CPU
		{90145DED-DF83-407A-A216-34188EADF6A2}.Debug|Any CPU.Build.0 = Debug|Any CPU
		{90145DED-DF83-407A-A216-34188EADF6A2}.Release|Any CPU.ActiveCfg = Release|Any CPU
		{90145DED-DF83-407A-A216-34188EADF6A2}.Release|Any CPU.Build.0 = Release|Any CPU
		{AE110A10-2AE4-4FFD-9B88-1E59D2930E61}.Debug|Any CPU.ActiveCfg = Debug|Any CPU
		{AE110A10-2AE4-4FFD-9B88-1E59D2930E61}.Debug|Any CPU.Build.0 = Debug|Any CPU
		{AE110A10-2AE4-4FFD-9B88-1E59D2930E61}.Release|Any CPU.ActiveCfg = Release|Any CPU
		{AE110A10-2AE4-4FFD-9B88-1E59D2930E61}.Release|Any CPU.Build.0 = Release|Any CPU
		{FAF254AC-C287-4907-B1F8-5AA8BB23A002}.Debug|Any CPU.ActiveCfg = Debug|Any CPU
		{FAF254AC-C287-4907-B1F8-5AA8BB23A002}.Debug|Any CPU.Build.0 = Debug|Any CPU
		{FAF254AC-C287-4907-B1F8-5AA8BB23A002}.Release|Any CPU.ActiveCfg = Release|Any CPU
		{FAF254AC-C287-4907-B1F8-5AA8BB23A002}.Release|Any CPU.Build.0 = Release|Any CPU
		{81DDED9D-158B-E303-5F62-77A2896D2A5A}.Debug|Any CPU.ActiveCfg = Debug|Any CPU
		{81DDED9D-158B-E303-5F62-77A2896D2A5A}.Debug|Any CPU.Build.0 = Debug|Any CPU
		{81DDED9D-158B-E303-5F62-77A2896D2A5A}.Release|Any CPU.ActiveCfg = Release|Any CPU
		{81DDED9D-158B-E303-5F62-77A2896D2A5A}.Release|Any CPU.Build.0 = Release|Any CPU
	EndGlobalSection
	GlobalSection(SolutionProperties) = preSolution
		HideSolutionNode = FALSE
	EndGlobalSection
	GlobalSection(NestedProjects) = preSolution
		{6FAF51A7-01D2-4946-9991-58A7FD3E225C} = {02EA681E-C7D8-13C7-8484-4AC65E1B71E8}
		{9FEF1E98-F5E6-4F70-9628-53EDC29E74F9} = {02EA681E-C7D8-13C7-8484-4AC65E1B71E8}
		{1428B8BE-400B-4EEA-A571-2AB3054E879C} = {02EA681E-C7D8-13C7-8484-4AC65E1B71E8}
		{AFCBFE19-ACAF-45AA-ABA2-4D35D4E2C959} = {0364AFE7-B1E6-4105-9ED5-3A123F028123}
		{6C16819F-5C73-4B92-A069-704D6026628E} = {0364AFE7-B1E6-4105-9ED5-3A123F028123}
		{38029185-1BF4-47E2-B1B7-C5144F1276F8} = {0364AFE7-B1E6-4105-9ED5-3A123F028123}
		{253F548F-8E20-4F36-9A70-5D42D92B1412} = {0A62D948-99DD-4D22-9029-F09D93C02478}
		{EDC8F2CC-A2B6-4370-B288-F4874FBCD61A} = {0A62D948-99DD-4D22-9029-F09D93C02478}
		{F5EDB14A-E89C-4252-8CF4-B76DEE94D0F5} = {0A62D948-99DD-4D22-9029-F09D93C02478}
		{EF878316-5798-4D51-BEB2-79299B0EF20B} = {21AF4B7F-FCF1-408B-A876-E6A6CDD9B9FF}
		{A3DDE4DD-F36E-4417-933A-B41A65F05803} = {21AF4B7F-FCF1-408B-A876-E6A6CDD9B9FF}
		{B33B557E-9160-4CC4-A81B-B7227FB98E6E} = {21AF4B7F-FCF1-408B-A876-E6A6CDD9B9FF}
		{90145DED-DF83-407A-A216-34188EADF6A2} = {41334046-816E-4539-8CEE-903FEBDB6754}
		{AE110A10-2AE4-4FFD-9B88-1E59D2930E61} = {41334046-816E-4539-8CEE-903FEBDB6754}
		{FAF254AC-C287-4907-B1F8-5AA8BB23A002} = {41334046-816E-4539-8CEE-903FEBDB6754}
	EndGlobalSection
	GlobalSection(ExtensibilityGlobals) = postSolution
		SolutionGuid = {30BBA79D-3FA5-424D-A039-3D2FFDFE3400}
	EndGlobalSection
EndGlobal
